
Microsoft Visual Studio Solution File, Format Version 12.00
# Visual Studio 15
VisualStudioVersion = 15.0.25302.0
MinimumVisualStudioVersion = 10.0.40219.1
Project("{FAE04EC0-301F-11D3-BF4B-00C04F79EFBC}") = "PortalProcessos.Presentation", "PortalProcessos.Presentation\PortalProcessos.Presentation.csproj", "{EE462D38-6466-4D5A-BB71-DC9F9FEB99CF}"
EndProject
Project("{FAE04EC0-301F-11D3-BF4B-00C04F79EFBC}") = "PortalProcessos.Api", "PortalProcessos.Api\PortalProcessos.Api.csproj", "{582A7804-881B-4AA9-8DDC-D2E3AE8944F0}"
EndProject
Global
	GlobalSection(SolutionConfigurationPlatforms) = preSolution
		Debug|Any CPU = Debug|Any CPU
		Release|Any CPU = Release|Any CPU
	EndGlobalSection
	GlobalSection(ProjectConfigurationPlatforms) = postSolution
		{EE462D38-6466-4D5A-BB71-DC9F9FEB99CF}.Debug|Any CPU.ActiveCfg = Debug|Any CPU
		{EE462D38-6466-4D5A-BB71-DC9F9FEB99CF}.Debug|Any CPU.Build.0 = Debug|Any CPU
		{EE462D38-6466-4D5A-BB71-DC9F9FEB99CF}.Release|Any CPU.ActiveCfg = Release|Any CPU
		{EE462D38-6466-4D5A-BB71-DC9F9FEB99CF}.Release|Any CPU.Build.0 = Release|Any CPU
		{582A7804-881B-4AA9-8DDC-D2E3AE8944F0}.Debug|Any CPU.ActiveCfg = Debug|Any CPU
		{582A7804-881B-4AA9-8DDC-D2E3AE8944F0}.Debug|Any CPU.Build.0 = Debug|Any CPU
		{582A7804-881B-4AA9-8DDC-D2E3AE8944F0}.Release|Any CPU.ActiveCfg = Release|Any CPU
		{582A7804-881B-4AA9-8DDC-D2E3AE8944F0}.Release|Any CPU.Build.0 = Release|Any CPU
	EndGlobalSection
	GlobalSection(SolutionProperties) = preSolution
		HideSolutionNode = FALSE
	EndGlobalSection
EndGlobal
